
Microsoft Visual Studio Solution File, Format Version 12.00
# Visual Studio Version 17
VisualStudioVersion = 17.11.35312.102
MinimumVisualStudioVersion = 10.0.40219.1
Project("{FAE04EC0-301F-11D3-BF4B-00C04F79EFBC}") = "DB_Demo", "DB_Demo.csproj", "{50BD5016-6316-41D5-B8FF-6F1D2A08CE40}"
EndProject
Global
	GlobalSection(SolutionConfigurationPlatforms) = preSolution
		Debug|Any CPU = Debug|Any CPU
		Release|Any CPU = Release|Any CPU
	EndGlobalSection
	GlobalSection(ProjectConfigurationPlatforms) = postSolution
		{50BD5016-6316-41D5-B8FF-6F1D2A08CE40}.Debug|Any CPU.ActiveCfg = Debug|Any CPU
		{50BD5016-6316-41D5-B8FF-6F1D2A08CE40}.Debug|Any CPU.Build.0 = Debug|Any CPU
		{50BD5016-6316-41D5-B8FF-6F1D2A08CE40}.Release|Any CPU.ActiveCfg = Release|Any CPU
		{50BD5016-6316-41D5-B8FF-6F1D2A08CE40}.Release|Any CPU.Build.0 = Release|Any CPU
	EndGlobalSection
	GlobalSection(SolutionProperties) = preSolution
		HideSolutionNode = FALSE
	EndGlobalSection
	GlobalSection(ExtensibilityGlobals) = postSolution
		SolutionGuid = {1F1883CF-9099-432F-9CA1-DE4876A4592B}
	EndGlobalSection
EndGlobal
